{
  "originHash" : "8d7326e1f9f1d5a014457cac8711c44f722831343412c5d106eaed2f2c40c20b",
  "pins" : [
    {
      "identity" : "maptiler-sdk-swift",
      "kind" : "remoteSourceControl",
      "location" : "https://github.com/maptiler/maptiler-sdk-swift.git",
      "state" : {
        "revision" : "cb53000dc67417b8340959bca5da54c5c387d2ea",
        "version" : "2.1.3"
      }
    }
  ],
  "version" : 3
}
